
Microsoft Visual Studio Solution File, Format Version 12.00
# Visual Studio Version 17
VisualStudioVersion = 17.0.31903.59
MinimumVisualStudioVersion = 10.0.40219.1
Project("{FAE04EC0-301F-11D3-BF4B-00C04F79EFBC}") = "TaskLink.API", "TaskLink.API\TaskLink.API.csproj", "{0E4329D4-D1BD-4630-A561-C32C46D78905}"
EndProject
Project("{FAE04EC0-301F-11D3-BF4B-00C04F79EFBC}") = "TaskLink.Infrastructure", "TaskLink.Infrastructure\TaskLink.Infrastructure.csproj", "{DDEC6DA1-9563-452E-BDD1-8CDECC3BBACA}"
EndProject
Global
	GlobalSection(SolutionConfigurationPlatforms) = preSolution
		Debug|Any CPU = Debug|Any CPU
		Release|Any CPU = Release|Any CPU
	EndGlobalSection
	GlobalSection(SolutionProperties) = preSolution
		HideSolutionNode = FALSE
	EndGlobalSection
	GlobalSection(ProjectConfigurationPlatforms) = postSolution
		{0E4329D4-D1BD-4630-A561-C32C46D78905}.Debug|Any CPU.ActiveCfg = Debug|Any CPU
		{0E4329D4-D1BD-4630-A561-C32C46D78905}.Debug|Any CPU.Build.0 = Debug|Any CPU
		{0E4329D4-D1BD-4630-A561-C32C46D78905}.Release|Any CPU.ActiveCfg = Release|Any CPU
		{0E4329D4-D1BD-4630-A561-C32C46D78905}.Release|Any CPU.Build.0 = Release|Any CPU
		{DDEC6DA1-9563-452E-BDD1-8CDECC3BBACA}.Debug|Any CPU.ActiveCfg = Debug|Any CPU
		{DDEC6DA1-9563-452E-BDD1-8CDECC3BBACA}.Debug|Any CPU.Build.0 = Debug|Any CPU
		{DDEC6DA1-9563-452E-BDD1-8CDECC3BBACA}.Release|Any CPU.ActiveCfg = Release|Any CPU
		{DDEC6DA1-9563-452E-BDD1-8CDECC3BBACA}.Release|Any CPU.Build.0 = Release|Any CPU
	EndGlobalSection
EndGlobal
